{
  "name": "westock-tool",
  "version": "1.0.0",
  "lockfileVersion": 3,
  "requires": true,
  "packages": {
    "": {
      "name": "westock-tool",
      "version": "1.0.0",
      "bin": {
        "westock-tool": "scripts/index.js"
      },
      "engines": {
        "node": ">=18.0.0"
      }
    }
  }
}
