{
  "name": "westock-data",
  "version": "1.0.4",
  "lockfileVersion": 3,
  "requires": true,
  "packages": {
    "": {
      "name": "westock-data",
      "version": "1.0.4",
      "bin": {
        "westock-data": "scripts/index.js"
      },
      "engines": {
        "node": ">=18.0.0"
      }
    }
  }
}
